{
  "requires": true,
  "lockfileVersion": 1,
  "dependencies": {
    "typeit": {
      "version": "5.10.7",
      "resolved": "https://registry.npmjs.org/typeit/-/typeit-5.10.7.tgz",
      "integrity": "sha512-CXO2Z4NsCjYJ/18R8mwhOlPUVOtynPw+qE15sZX0pWXUuC9smADKYPAuWTbjUoJNUr6c1Xqlz05emgAhZojJ6g=="
    }
  }
}
